{
  "name": "pigmentlab",
  "version": "1.0.0",
  "lockfileVersion": 3,
  "requires": true,
  "packages": {
    "": {
      "name": "pigmentlab",
      "version": "1.0.0",
      "license": "MIT",
      "workspaces": [
        "packages/*"
      ],
      "engines": {
        "node": ">=20"
      }
    },
    "node_modules/@pigmentlab/brushes": {
      "resolved": "packages/brushes",
      "link": true
    },
    "node_modules/@pigmentlab/core": {
      "resolved": "packages/core",
      "link": true
    },
    "node_modules/@pigmentlab/document": {
      "resolved": "packages/document",
      "link": true
    },
    "node_modules/@pigmentlab/kernels": {
      "resolved": "packages/kernels",
      "link": true
    },
    "node_modules/@pigmentlab/paper": {
      "resolved": "packages/paper",
      "link": true
    },
    "node_modules/@pigmentlab/pigments": {
      "resolved": "packages/pigments",
      "link": true
    },
    "node_modules/@pigmentlab/renderer": {
      "resolved": "packages/renderer",
      "link": true
    },
    "node_modules/@pigmentlab/simulation": {
      "resolved": "packages/simulation",
      "link": true
    },
    "node_modules/@pigmentlab/ui": {
      "resolved": "packages/ui",
      "link": true
    },
    "packages/brushes": {
      "name": "@pigmentlab/brushes",
      "version": "1.0.0",
      "license": "MIT",
      "dependencies": {
        "@pigmentlab/core": "1.0.0",
        "@pigmentlab/pigments": "1.0.0"
      }
    },
    "packages/core": {
      "name": "@pigmentlab/core",
      "version": "1.0.0",
      "license": "MIT"
    },
    "packages/document": {
      "name": "@pigmentlab/document",
      "version": "1.0.0",
      "license": "MIT",
      "dependencies": {
        "@pigmentlab/core": "1.0.0"
      }
    },
    "packages/kernels": {
      "name": "@pigmentlab/kernels",
      "version": "1.0.0",
      "license": "MIT"
    },
    "packages/paper": {
      "name": "@pigmentlab/paper",
      "version": "1.0.0",
      "license": "MIT",
      "dependencies": {
        "@pigmentlab/core": "1.0.0"
      }
    },
    "packages/pigments": {
      "name": "@pigmentlab/pigments",
      "version": "1.0.0",
      "license": "MIT",
      "dependencies": {
        "@pigmentlab/core": "1.0.0"
      }
    },
    "packages/renderer": {
      "name": "@pigmentlab/renderer",
      "version": "1.0.0",
      "license": "MIT",
      "dependencies": {
        "@pigmentlab/core": "1.0.0",
        "@pigmentlab/paper": "1.0.0",
        "@pigmentlab/pigments": "1.0.0"
      }
    },
    "packages/simulation": {
      "name": "@pigmentlab/simulation",
      "version": "1.0.0",
      "license": "MIT",
      "dependencies": {
        "@pigmentlab/core": "1.0.0",
        "@pigmentlab/kernels": "1.0.0",
        "@pigmentlab/paper": "1.0.0",
        "@pigmentlab/pigments": "1.0.0"
      }
    },
    "packages/ui": {
      "name": "@pigmentlab/ui",
      "version": "1.0.0",
      "license": "MIT",
      "dependencies": {
        "@pigmentlab/core": "1.0.0"
      }
    }
  }
}
